// !$*UTF8*$!
{
	archiveVersion = 1;
	classes = {
	};
	objectVersion = 46;
	objects = {

/* Begin PBXBuildFile section */
		28B7F5161E9402E40026CEE2 /* Role+CoreDataClass.swift in Sources */ = {isa = PBXBuildFile; fileRef = 28B7F50C1E9402E40026CEE2 /* Role+CoreDataClass.swift */; };
		28B7F5171E9402E40026CEE2 /* Role+CoreDataProperties.swift in Sources */ = {isa = PBXBuildFile; fileRef = 28B7F50D1E9402E40026CEE2 /* Role+CoreDataProperties.swift */; };
		28B7F5181E9402E40026CEE2 /* PlayBand+CoreDataClass.swift in Sources */ = {isa = PBXBuildFile; fileRef = 28B7F50E1E9402E40026CEE2 /* PlayBand+CoreDataClass.swift */; };
		28B7F5191E9402E40026CEE2 /* PlayBand+CoreDataProperties.swift in Sources */ = {isa = PBXBuildFile; fileRef = 28B7F50F1E9402E40026CEE2 /* PlayBand+CoreDataProperties.swift */; };
		28B7F51A1E9402E40026CEE2 /* User+CoreDataClass.swift in Sources */ = {isa = PBXBuildFile; fileRef = 28B7F5101E9402E40026CEE2 /* User+CoreDataClass.swift */; };
		28B7F51B1E9402E40026CEE2 /* User+CoreDataProperties.swift in Sources */ = {isa = PBXBuildFile; fileRef = 28B7F5111E9402E40026CEE2 /* User+CoreDataProperties.swift */; };
		28B7F51C1E9402E40026CEE2 /* Band+CoreDataClass.swift in Sources */ = {isa = PBXBuildFile; fileRef = 28B7F5121E9402E40026CEE2 /* Band+CoreDataClass.swift */; };
		28B7F51D1E9402E40026CEE2 /* Band+CoreDataProperties.swift in Sources */ = {isa = PBXBuildFile; fileRef = 28B7F5131E9402E40026CEE2 /* Band+CoreDataProperties.swift */; };
		28B7F51E1E9402E40026CEE2 /* Evalutation+CoreDataClass.swift in Sources */ = {isa = PBXBuildFile; fileRef = 28B7F5141E9402E40026CEE2 /* Evalutation+CoreDataClass.swift */; };
		28B7F51F1E9402E40026CEE2 /* Evalutation+CoreDataProperties.swift in Sources */ = {isa = PBXBuildFile; fileRef = 28B7F5151E9402E40026CEE2 /* Evalutation+CoreDataProperties.swift */; };
		28B7F5211E94030F0026CEE2 /* CoreDataController.swift in Sources */ = {isa = PBXBuildFile; fileRef = 28B7F5201E94030F0026CEE2 /* CoreDataController.swift */; };
		A3D780AA1E924910009B24C5 /* AppDelegate.swift in Sources */ = {isa = PBXBuildFile; fileRef = A3D780A91E924910009B24C5 /* AppDelegate.swift */; };
		A3D780AC1E924910009B24C5 /* ViewController.swift in Sources */ = {isa = PBXBuildFile; fileRef = A3D780AB1E924910009B24C5 /* ViewController.swift */; };
		A3D780AF1E924910009B24C5 /* Main.storyboard in Resources */ = {isa = PBXBuildFile; fileRef = A3D780AD1E924910009B24C5 /* Main.storyboard */; };
		A3D780B21E924910009B24C5 /* presteasymo.xcdatamodeld in Sources */ = {isa = PBXBuildFile; fileRef = A3D780B01E924910009B24C5 /* presteasymo.xcdatamodeld */; };
		A3D780B41E924910009B24C5 /* Assets.xcassets in Resources */ = {isa = PBXBuildFile; fileRef = A3D780B31E924910009B24C5 /* Assets.xcassets */; };
		A3D780B71E924910009B24C5 /* LaunchScreen.storyboard in Resources */ = {isa = PBXBuildFile; fileRef = A3D780B51E924910009B24C5 /* LaunchScreen.storyboard */; };
		A3D780C21E924910009B24C5 /* presteasymoTests.swift in Sources */ = {isa = PBXBuildFile; fileRef = A3D780C11E924910009B24C5 /* presteasymoTests.swift */; };
		A3D780CD1E924910009B24C5 /* presteasymoUITests.swift in Sources */ = {isa = PBXBuildFile; fileRef = A3D780CC1E924910009B24C5 /* presteasymoUITests.swift */; };
/* End PBXBuildFile section */

/* Begin PBXContainerItemProxy section */
		A3D780BE1E924910009B24C5 /* PBXContainerItemProxy */ = {
			isa = PBXContainerItemProxy;
			containerPortal = A3D7809E1E924910009B24C5 /* Project object */;
			proxyType = 1;
			remoteGlobalIDString = A3D780A51E924910009B24C5;
			remoteInfo = presteasymo;
		};
		A3D780C91E924910009B24C5 /* PBXContainerItemProxy */ = {
			isa = PBXContainerItemProxy;
			containerPortal = A3D7809E1E924910009B24C5 /* Project object */;
			proxyType = 1;
			remoteGlobalIDString = A3D780A51E924910009B24C5;
			remoteInfo = presteasymo;
		};
/* End PBXContainerItemProxy section */

/* Begin PBXFileReference section */
		28B7F50C1E9402E40026CEE2 /* Role+CoreDataClass.swift */ = {isa = PBXFileReference; fileEncoding = 4; lastKnownFileType = sourcecode.swift; path = "Role+CoreDataClass.swift"; sourceTree = "<group>"; };
		28B7F50D1E9402E40026CEE2 /* Role+CoreDataProperties.swift */ = {isa = PBXFileReference; fileEncoding = 4; lastKnownFileType = sourcecode.swift; path = "Role+CoreDataProperties.swift"; sourceTree = "<group>"; };
		28B7F50E1E9402E40026CEE2 /* PlayBand+CoreDataClass.swift */ = {isa = PBXFileReference; fileEncoding = 4; lastKnownFileType = sourcecode.swift; path = "PlayBand+CoreDataClass.swift"; sourceTree = "<group>"; };
		28B7F50F1E9402E40026CEE2 /* PlayBand+CoreDataProperties.swift */ = {isa = PBXFileReference; fileEncoding = 4; lastKnownFileType = sourcecode.swift; path = "PlayBand+CoreDataProperties.swift"; sourceTree = "<group>"; };
		28B7F5101E9402E40026CEE2 /* User+CoreDataClass.swift */ = {isa = PBXFileReference; fileEncoding = 4; lastKnownFileType = sourcecode.swift; path = "User+CoreDataClass.swift"; sourceTree = "<group>"; };
		28B7F5111E9402E40026CEE2 /* User+CoreDataProperties.swift */ = {isa = PBXFileReference; fileEncoding = 4; lastKnownFileType = sourcecode.swift; path = "User+CoreDataProperties.swift"; sourceTree = "<group>"; };
		28B7F5121E9402E40026CEE2 /* Band+CoreDataClass.swift */ = {isa = PBXFileReference; fileEncoding = 4; lastKnownFileType = sourcecode.swift; path = "Band+CoreDataClass.swift"; sourceTree = "<group>"; };
		28B7F5131E9402E40026CEE2 /* Band+CoreDataProperties.swift */ = {isa = PBXFileReference; fileEncoding = 4; lastKnownFileType = sourcecode.swift; path = "Band+CoreDataProperties.swift"; sourceTree = "<group>"; };
		28B7F5141E9402E40026CEE2 /* Evalutation+CoreDataClass.swift */ = {isa = PBXFileReference; fileEncoding = 4; lastKnownFileType = sourcecode.swift; path = "Evalutation+CoreDataClass.swift"; sourceTree = "<group>"; };
		28B7F5151E9402E40026CEE2 /* Evalutation+CoreDataProperties.swift */ = {isa = PBXFileReference; fileEncoding = 4; lastKnownFileType = sourcecode.swift; path = "Evalutation+CoreDataProperties.swift"; sourceTree = "<group>"; };
		28B7F5201E94030F0026CEE2 /* CoreDataController.swift */ = {isa = PBXFileReference; fileEncoding = 4; lastKnownFileType = sourcecode.swift; path = CoreDataController.swift; sourceTree = "<group>"; };
		A3D780A61E924910009B24C5 /* presteasymo.app */ = {isa = PBXFileReference; explicitFileType = wrapper.application; includeInIndex = 0; path = presteasymo.app; sourceTree = BUILT_PRODUCTS_DIR; };
		A3D780A91E924910009B24C5 /* AppDelegate.swift */ = {isa = PBXFileReference; lastKnownFileType = sourcecode.swift; path = AppDelegate.swift; sourceTree = "<group>"; };
		A3D780AB1E924910009B24C5 /* ViewController.swift */ = {isa = PBXFileReference; lastKnownFileType = sourcecode.swift; path = ViewController.swift; sourceTree = "<group>"; };
		A3D780AE1E924910009B24C5 /* Base */ = {isa = PBXFileReference; lastKnownFileType = file.storyboard; name = Base; path = Base.lproj/Main.storyboard; sourceTree = "<group>"; };
		A3D780B11E924910009B24C5 /* presteasymo.xcdatamodel */ = {isa = PBXFileReference; lastKnownFileType = wrapper.xcdatamodel; path = presteasymo.xcdatamodel; sourceTree = "<group>"; };
		A3D780B31E924910009B24C5 /* Assets.xcassets */ = {isa = PBXFileReference; lastKnownFileType = folder.assetcatalog; path = Assets.xcassets; sourceTree = "<group>"; };
		A3D780B61E924910009B24C5 /* Base */ = {isa = PBXFileReference; lastKnownFileType = file.storyboard; name = Base; path = Base.lproj/LaunchScreen.storyboard; sourceTree = "<group>"; };
		A3D780B81E924910009B24C5 /* Info.plist */ = {isa = PBXFileReference; lastKnownFileType = text.plist.xml; path = Info.plist; sourceTree = "<group>"; };
		A3D780BD1E924910009B24C5 /* presteasymoTests.xctest */ = {isa = PBXFileReference; explicitFileType = wrapper.cfbundle; includeInIndex = 0; path = presteasymoTests.xctest; sourceTree = BUILT_PRODUCTS_DIR; };
		A3D780C11E924910009B24C5 /* presteasymoTests.swift */ = {isa = PBXFileReference; lastKnownFileType = sourcecode.swift; path = presteasymoTests.swift; sourceTree = "<group>"; };
		A3D780C31E924910009B24C5 /* Info.plist */ = {isa = PBXFileReference; lastKnownFileType = text.plist.xml; path = Info.plist; sourceTree = "<group>"; };
		A3D780C81E924910009B24C5 /* presteasymoUITests.xctest */ = {isa = PBXFileReference; explicitFileType = wrapper.cfbundle; includeInIndex = 0; path = presteasymoUITests.xctest; sourceTree = BUILT_PRODUCTS_DIR; };
		A3D780CC1E924910009B24C5 /* presteasymoUITests.swift */ = {isa = PBXFileReference; lastKnownFileType = sourcecode.swift; path = presteasymoUITests.swift; sourceTree = "<group>"; };
		A3D780CE1E924910009B24C5 /* Info.plist */ = {isa = PBXFileReference; lastKnownFileType = text.plist.xml; path = Info.plist; sourceTree = "<group>"; };
/* End PBXFileReference section */

/* Begin PBXFrameworksBuildPhase section */
		A3D780A31E924910009B24C5 /* Frameworks */ = {
			isa = PBXFrameworksBuildPhase;
			buildActionMask = 2147483647;
			files = (
			);
			runOnlyForDeploymentPostprocessing = 0;
		};
		A3D780BA1E924910009B24C5 /* Frameworks */ = {
			isa = PBXFrameworksBuildPhase;
			buildActionMask = 2147483647;
			files = (
			);
			runOnlyForDeploymentPostprocessing = 0;
		};
		A3D780C51E924910009B24C5 /* Frameworks */ = {
			isa = PBXFrameworksBuildPhase;
			buildActionMask = 2147483647;
			files = (
			);
			runOnlyForDeploymentPostprocessing = 0;
		};
/* End PBXFrameworksBuildPhase section */

/* Begin PBXGroup section */
		A3D7809D1E924910009B24C5 = {
			isa = PBXGroup;
			children = (
				A3D780A81E924910009B24C5 /* presteasymo */,
				A3D780C01E924910009B24C5 /* presteasymoTests */,
				A3D780CB1E924910009B24C5 /* presteasymoUITests */,
				A3D780A71E924910009B24C5 /* Products */,
			);
			sourceTree = "<group>";
		};
		A3D780A71E924910009B24C5 /* Products */ = {
			isa = PBXGroup;
			children = (
				A3D780A61E924910009B24C5 /* presteasymo.app */,
				A3D780BD1E924910009B24C5 /* presteasymoTests.xctest */,
				A3D780C81E924910009B24C5 /* presteasymoUITests.xctest */,
			);
			name = Products;
			sourceTree = "<group>";
		};
		A3D780A81E924910009B24C5 /* presteasymo */ = {
			isa = PBXGroup;
			children = (
				28B7F50C1E9402E40026CEE2 /* Role+CoreDataClass.swift */,
				28B7F5201E94030F0026CEE2 /* CoreDataController.swift */,
				28B7F50D1E9402E40026CEE2 /* Role+CoreDataProperties.swift */,
				28B7F50E1E9402E40026CEE2 /* PlayBand+CoreDataClass.swift */,
				28B7F50F1E9402E40026CEE2 /* PlayBand+CoreDataProperties.swift */,
				28B7F5101E9402E40026CEE2 /* User+CoreDataClass.swift */,
				28B7F5111E9402E40026CEE2 /* User+CoreDataProperties.swift */,
				28B7F5121E9402E40026CEE2 /* Band+CoreDataClass.swift */,
				28B7F5131E9402E40026CEE2 /* Band+CoreDataProperties.swift */,
				28B7F5141E9402E40026CEE2 /* Evalutation+CoreDataClass.swift */,
				28B7F5151E9402E40026CEE2 /* Evalutation+CoreDataProperties.swift */,
				A3D780A91E924910009B24C5 /* AppDelegate.swift */,
				A3D780AB1E924910009B24C5 /* ViewController.swift */,
				A3D780AD1E924910009B24C5 /* Main.storyboard */,
				A3D780B31E924910009B24C5 /* Assets.xcassets */,
				A3D780B51E924910009B24C5 /* LaunchScreen.storyboard */,
				A3D780B81E924910009B24C5 /* Info.plist */,
				A3D780B01E924910009B24C5 /* presteasymo.xcdatamodeld */,
			);
			path = presteasymo;
			sourceTree = "<group>";
		};
		A3D780C01E924910009B24C5 /* presteasymoTests */ = {
			isa = PBXGroup;
			children = (
				A3D780C11E924910009B24C5 /* presteasymoTests.swift */,
				A3D780C31E924910009B24C5 /* Info.plist */,
			);
			path = presteasymoTests;
			sourceTree = "<group>";
		};
		A3D780CB1E924910009B24C5 /* presteasymoUITests */ = {
			isa = PBXGroup;
			children = (
				A3D780CC1E924910009B24C5 /* presteasymoUITests.swift */,
				A3D780CE1E924910009B24C5 /* Info.plist */,
			);
			path = presteasymoUITests;
			sourceTree = "<group>";
		};
/* End PBXGroup section */

/* Begin PBXNativeTarget section */
		A3D780A51E924910009B24C5 /* presteasymo */ = {
			isa = PBXNativeTarget;
			buildConfigurationList = A3D780D11E924910009B24C5 /* Build configuration list for PBXNativeTarget "presteasymo" */;
			buildPhases = (
				A3D780A21E924910009B24C5 /* Sources */,
				A3D780A31E924910009B24C5 /* Frameworks */,
				A3D780A41E924910009B24C5 /* Resources */,
			);
			buildRules = (
			);
			dependencies = (
			);
			name = presteasymo;
			productName = presteasymo;
			productReference = A3D780A61E924910009B24C5 /* presteasymo.app */;
			productType = "com.apple.product-type.application";
		};
		A3D780BC1E924910009B24C5 /* presteasymoTests */ = {
			isa = PBXNativeTarget;
			buildConfigurationList = A3D780D41E924910009B24C5 /* Build configuration list for PBXNativeTarget "presteasymoTests" */;
			buildPhases = (
				A3D780B91E924910009B24C5 /* Sources */,
				A3D780BA1E924910009B24C5 /* Frameworks */,
				A3D780BB1E924910009B24C5 /* Resources */,
			);
			buildRules = (
			);
			dependencies = (
				A3D780BF1E924910009B24C5 /* PBXTargetDependency */,
			);
			name = presteasymoTests;
			productName = presteasymoTests;
			productReference = A3D780BD1E924910009B24C5 /* presteasymoTests.xctest */;
			productType = "com.apple.product-type.bundle.unit-test";
		};
		A3D780C71E924910009B24C5 /* presteasymoUITests */ = {
			isa = PBXNativeTarget;
			buildConfigurationList = A3D780D71E924910009B24C5 /* Build configuration list for PBXNativeTarget "presteasymoUITests" */;
			buildPhases = (
				A3D780C41E924910009B24C5 /* Sources */,
				A3D780C51E924910009B24C5 /* Frameworks */,
				A3D780C61E924910009B24C5 /* Resources */,
			);
			buildRules = (
			);
			dependencies = (
				A3D780CA1E924910009B24C5 /* PBXTargetDependency */,
			);
			name = presteasymoUITests;
			productName = presteasymoUITests;
			productReference = A3D780C81E924910009B24C5 /* presteasymoUITests.xctest */;
			productType = "com.apple.product-type.bundle.ui-testing";
		};
/* End PBXNativeTarget section */

/* Begin PBXProject section */
		A3D7809E1E924910009B24C5 /* Project object */ = {
			isa = PBXProject;
			attributes = {
				LastSwiftUpdateCheck = 0830;
				LastUpgradeCheck = 0830;
				ORGANIZATIONNAME = "Team 2.4";
				TargetAttributes = {
					A3D780A51E924910009B24C5 = {
						CreatedOnToolsVersion = 8.3;
						ProvisioningStyle = Automatic;
					};
					A3D780BC1E924910009B24C5 = {
						CreatedOnToolsVersion = 8.3;
						ProvisioningStyle = Automatic;
						TestTargetID = A3D780A51E924910009B24C5;
					};
					A3D780C71E924910009B24C5 = {
						CreatedOnToolsVersion = 8.3;
						ProvisioningStyle = Automatic;
						TestTargetID = A3D780A51E924910009B24C5;
					};
				};
			};
			buildConfigurationList = A3D780A11E924910009B24C5 /* Build configuration list for PBXProject "presteasymo" */;
			compatibilityVersion = "Xcode 3.2";
			developmentRegion = English;
			hasScannedForEncodings = 0;
			knownRegions = (
				en,
				Base,
			);
			mainGroup = A3D7809D1E924910009B24C5;
			productRefGroup = A3D780A71E924910009B24C5 /* Products */;
			projectDirPath = "";
			projectRoot = "";
			targets = (
				A3D780A51E924910009B24C5 /* presteasymo */,
				A3D780BC1E924910009B24C5 /* presteasymoTests */,
				A3D780C71E924910009B24C5 /* presteasymoUITests */,
			);
		};
/* End PBXProject section */

/* Begin PBXResourcesBuildPhase section */
		A3D780A41E924910009B24C5 /* Resources */ = {
			isa = PBXResourcesBuildPhase;
			buildActionMask = 2147483647;
			files = (
				A3D780B71E924910009B24C5 /* LaunchScreen.storyboard in Resources */,
				A3D780B41E924910009B24C5 /* Assets.xcassets in Resources */,
				A3D780AF1E924910009B24C5 /* Main.storyboard in Resources */,
			);
			runOnlyForDeploymentPostprocessing = 0;
		};
		A3D780BB1E924910009B24C5 /* Resources */ = {
			isa = PBXResourcesBuildPhase;
			buildActionMask = 2147483647;
			files = (
			);
			runOnlyForDeploymentPostprocessing = 0;
		};
		A3D780C61E924910009B24C5 /* Resources */ = {
			isa = PBXResourcesBuildPhase;
			buildActionMask = 2147483647;
			files = (
			);
			runOnlyForDeploymentPostprocessing = 0;
		};
/* End PBXResourcesBuildPhase section */

/* Begin PBXSourcesBuildPhase section */
		A3D780A21E924910009B24C5 /* Sources */ = {
			isa = PBXSourcesBuildPhase;
			buildActionMask = 2147483647;
			files = (
				28B7F51C1E9402E40026CEE2 /* Band+CoreDataClass.swift in Sources */,
				28B7F5191E9402E40026CEE2 /* PlayBand+CoreDataProperties.swift in Sources */,
				28B7F51E1E9402E40026CEE2 /* Evalutation+CoreDataClass.swift in Sources */,
				A3D780B21E924910009B24C5 /* presteasymo.xcdatamodeld in Sources */,
				28B7F5171E9402E40026CEE2 /* Role+CoreDataProperties.swift in Sources */,
				28B7F51F1E9402E40026CEE2 /* Evalutation+CoreDataProperties.swift in Sources */,
				28B7F5161E9402E40026CEE2 /* Role+CoreDataClass.swift in Sources */,
				A3D780AC1E924910009B24C5 /* ViewController.swift in Sources */,
				28B7F5181E9402E40026CEE2 /* PlayBand+CoreDataClass.swift in Sources */,
				28B7F51A1E9402E40026CEE2 /* User+CoreDataClass.swift in Sources */,
				28B7F5211E94030F0026CEE2 /* CoreDataController.swift in Sources */,
				A3D780AA1E924910009B24C5 /* AppDelegate.swift in Sources */,
				28B7F51B1E9402E40026CEE2 /* User+CoreDataProperties.swift in Sources */,
				28B7F51D1E9402E40026CEE2 /* Band+CoreDataProperties.swift in Sources */,
			);
			runOnlyForDeploymentPostprocessing = 0;
		};
		A3D780B91E924910009B24C5 /* Sources */ = {
			isa = PBXSourcesBuildPhase;
			buildActionMask = 2147483647;
			files = (
				A3D780C21E924910009B24C5 /* presteasymoTests.swift in Sources */,
			);
			runOnlyForDeploymentPostprocessing = 0;
		};
		A3D780C41E924910009B24C5 /* Sources */ = {
			isa = PBXSourcesBuildPhase;
			buildActionMask = 2147483647;
			files = (
				A3D780CD1E924910009B24C5 /* presteasymoUITests.swift in Sources */,
			);
			runOnlyForDeploymentPostprocessing = 0;
		};
/* End PBXSourcesBuildPhase section */

/* Begin PBXTargetDependency section */
		A3D780BF1E924910009B24C5 /* PBXTargetDependency */ = {
			isa = PBXTargetDependency;
			target = A3D780A51E924910009B24C5 /* presteasymo */;
			targetProxy = A3D780BE1E924910009B24C5 /* PBXContainerItemProxy */;
		};
		A3D780CA1E924910009B24C5 /* PBXTargetDependency */ = {
			isa = PBXTargetDependency;
			target = A3D780A51E924910009B24C5 /* presteasymo */;
			targetProxy = A3D780C91E924910009B24C5 /* PBXContainerItemProxy */;
		};
/* End PBXTargetDependency section */

/* Begin PBXVariantGroup section */
		A3D780AD1E924910009B24C5 /* Main.storyboard */ = {
			isa = PBXVariantGroup;
			children = (
				A3D780AE1E924910009B24C5 /* Base */,
			);
			name = Main.storyboard;
			sourceTree = "<group>";
		};
		A3D780B51E924910009B24C5 /* LaunchScreen.storyboard */ = {
			isa = PBXVariantGroup;
			children = (
				A3D780B61E924910009B24C5 /* Base */,
			);
			name = LaunchScreen.storyboard;
			sourceTree = "<group>";
		};
/* End PBXVariantGroup section */

/* Begin XCBuildConfiguration section */
		A3D780CF1E924910009B24C5 /* Debug */ = {
			isa = XCBuildConfiguration;
			buildSettings = {
				ALWAYS_SEARCH_USER_PATHS = NO;
				CLANG_ANALYZER_NONNULL = YES;
				CLANG_ANALYZER_NUMBER_OBJECT_CONVERSION = YES_AGGRESSIVE;
				CLANG_CXX_LANGUAGE_STANDARD = "gnu++0x";
				CLANG_CXX_LIBRARY = "libc++";
				CLANG_ENABLE_MODULES = YES;
				CLANG_ENABLE_OBJC_ARC = YES;
				CLANG_WARN_BOOL_CONVERSION = YES;
				CLANG_WARN_CONSTANT_CONVERSION = YES;
				CLANG_WARN_DIRECT_OBJC_ISA_USAGE = YES_ERROR;
				CLANG_WARN_DOCUMENTATION_COMMENTS = YES;
				CLANG_WARN_EMPTY_BODY = YES;
				CLANG_WARN_ENUM_CONVERSION = YES;
				CLANG_WARN_INFINITE_RECURSION = YES;
				CLANG_WARN_INT_CONVERSION = YES;
				CLANG_WARN_OBJC_ROOT_CLASS = YES_ERROR;
				CLANG_WARN_SUSPICIOUS_MOVE = YES;
				CLANG_WARN_UNREACHABLE_CODE = YES;
				CLANG_WARN__DUPLICATE_METHOD_MATCH = YES;
				"CODE_SIGN_IDENTITY[sdk=iphoneos*]" = "iPhone Developer";
				COPY_PHASE_STRIP = NO;
				DEBUG_INFORMATION_FORMAT = dwarf;
				ENABLE_STRICT_OBJC_MSGSEND = YES;
				ENABLE_TESTABILITY = YES;
				GCC_C_LANGUAGE_STANDARD = gnu99;
				GCC_DYNAMIC_NO_PIC = NO;
				GCC_NO_COMMON_BLOCKS = YES;
				GCC_OPTIMIZATION_LEVEL = 0;
				GCC_PREPROCESSOR_DEFINITIONS = (
					"DEBUG=1",
					"$(inherited)",
				);
				GCC_WARN_64_TO_32_BIT_CONVERSION = YES;
				GCC_WARN_ABOUT_RETURN_TYPE = YES_ERROR;
				GCC_WARN_UNDECLARED_SELECTOR = YES;
				GCC_WARN_UNINITIALIZED_AUTOS = YES_AGGRESSIVE;
				GCC_WARN_UNUSED_FUNCTION = YES;
				GCC_WARN_UNUSED_VARIABLE = YES;
				IPHONEOS_DEPLOYMENT_TARGET = 10.3;
				MTL_ENABLE_DEBUG_INFO = YES;
				ONLY_ACTIVE_ARCH = YES;
				SDKROOT = iphoneos;
				SWIFT_ACTIVE_COMPILATION_CONDITIONS = DEBUG;
				SWIFT_OPTIMIZATION_LEVEL = "-Onone";
				TARGETED_DEVICE_FAMILY = "1,2";
			};
			name = Debug;
		};
		A3D780D01E924910009B24C5 /* Release */ = {
			isa = XCBuildConfiguration;
			buildSettings = {
				ALWAYS_SEARCH_USER_PATHS = NO;
				CLANG_ANALYZER_NONNULL = YES;
				CLANG_ANALYZER_NUMBER_OBJECT_CONVERSION = YES_AGGRESSIVE;
				CLANG_CXX_LANGUAGE_STANDARD = "gnu++0x";
				CLANG_CXX_LIBRARY = "libc++";
				CLANG_ENABLE_MODULES = YES;
				CLANG_ENABLE_OBJC_ARC = YES;
				CLANG_WARN_BOOL_CONVERSION = YES;
				CLANG_WARN_CONSTANT_CONVERSION = YES;
				CLANG_WARN_DIRECT_OBJC_ISA_USAGE = YES_ERROR;
				CLANG_WARN_DOCUMENTATION_COMMENTS = YES;
				CLANG_WARN_EMPTY_BODY = YES;
				CLANG_WARN_ENUM_CONVERSION = YES;
				CLANG_WARN_INFINITE_RECURSION = YES;
				CLANG_WARN_INT_CONVERSION = YES;
				CLANG_WARN_OBJC_ROOT_CLASS = YES_ERROR;
				CLANG_WARN_SUSPICIOUS_MOVE = YES;
				CLANG_WARN_UNREACHABLE_CODE = YES;
				CLANG_WARN__DUPLICATE_METHOD_MATCH = YES;
				"CODE_SIGN_IDENTITY[sdk=iphoneos*]" = "iPhone Developer";
				COPY_PHASE_STRIP = NO;
				DEBUG_INFORMATION_FORMAT = "dwarf-with-dsym";
				ENABLE_NS_ASSERTIONS = NO;
				ENABLE_STRICT_OBJC_MSGSEND = YES;
				GCC_C_LANGUAGE_STANDARD = gnu99;
				GCC_NO_COMMON_BLOCKS = YES;
				GCC_WARN_64_TO_32_BIT_CONVERSION = YES;
				GCC_WARN_ABOUT_RETURN_TYPE = YES_ERROR;
				GCC_WARN_UNDECLARED_SELECTOR = YES;
				GCC_WARN_UNINITIALIZED_AUTOS = YES_AGGRESSIVE;
				GCC_WARN_UNUSED_FUNCTION = YES;
				GCC_WARN_UNUSED_VARIABLE = YES;
				IPHONEOS_DEPLOYMENT_TARGET = 10.3;
				MTL_ENABLE_DEBUG_INFO = NO;
				SDKROOT = iphoneos;
				SWIFT_OPTIMIZATION_LEVEL = "-Owholemodule";
				TARGETED_DEVICE_FAMILY = "1,2";
				VALIDATE_PRODUCT = YES;
			};
			name = Release;
		};
		A3D780D21E924910009B24C5 /* Debug */ = {
			isa = XCBuildConfiguration;
			buildSettings = {
				ASSETCATALOG_COMPILER_APPICON_NAME = AppIcon;
				INFOPLIST_FILE = presteasymo/Info.plist;
				LD_RUNPATH_SEARCH_PATHS = "$(inherited) @executable_path/Frameworks";
				PRODUCT_BUNDLE_IDENTIFIER = "team-presteasymo.presteasymo";
				PRODUCT_NAME = "$(TARGET_NAME)";
				SWIFT_VERSION = 3.0;
			};
			name = Debug;
		};
		A3D780D31E924910009B24C5 /* Release */ = {
			isa = XCBuildConfiguration;
			buildSettings = {
				ASSETCATALOG_COMPILER_APPICON_NAME = AppIcon;
				INFOPLIST_FILE = presteasymo/Info.plist;
				LD_RUNPATH_SEARCH_PATHS = "$(inherited) @executable_path/Frameworks";
				PRODUCT_BUNDLE_IDENTIFIER = "team-presteasymo.presteasymo";
				PRODUCT_NAME = "$(TARGET_NAME)";
				SWIFT_VERSION = 3.0;
			};
			name = Release;
		};
		A3D780D51E924910009B24C5 /* Debug */ = {
			isa = XCBuildConfiguration;
			buildSettings = {
				ALWAYS_EMBED_SWIFT_STANDARD_LIBRARIES = YES;
				BUNDLE_LOADER = "$(TEST_HOST)";
				INFOPLIST_FILE = presteasymoTests/Info.plist;
				LD_RUNPATH_SEARCH_PATHS = "$(inherited) @executable_path/Frameworks @loader_path/Frameworks";
				PRODUCT_BUNDLE_IDENTIFIER = "team-presteasymo.presteasymoTests";
				PRODUCT_NAME = "$(TARGET_NAME)";
				SWIFT_VERSION = 3.0;
				TEST_HOST = "$(BUILT_PRODUCTS_DIR)/presteasymo.app/presteasymo";
			};
			name = Debug;
		};
		A3D780D61E924910009B24C5 /* Release */ = {
			isa = XCBuildConfiguration;
			buildSettings = {
				ALWAYS_EMBED_SWIFT_STANDARD_LIBRARIES = YES;
				BUNDLE_LOADER = "$(TEST_HOST)";
				INFOPLIST_FILE = presteasymoTests/Info.plist;
				LD_RUNPATH_SEARCH_PATHS = "$(inherited) @executable_path/Frameworks @loader_path/Frameworks";
				PRODUCT_BUNDLE_IDENTIFIER = "team-presteasymo.presteasymoTests";
				PRODUCT_NAME = "$(TARGET_NAME)";
				SWIFT_VERSION = 3.0;
				TEST_HOST = "$(BUILT_PRODUCTS_DIR)/presteasymo.app/presteasymo";
			};
			name = Release;
		};
		A3D780D81E924910009B24C5 /* Debug */ = {
			isa = XCBuildConfiguration;
			buildSettings = {
				ALWAYS_EMBED_SWIFT_STANDARD_LIBRARIES = YES;
				INFOPLIST_FILE = presteasymoUITests/Info.plist;
				LD_RUNPATH_SEARCH_PATHS = "$(inherited) @executable_path/Frameworks @loader_path/Frameworks";
				PRODUCT_BUNDLE_IDENTIFIER = "team-presteasymo.presteasymoUITests";
				PRODUCT_NAME = "$(TARGET_NAME)";
				SWIFT_VERSION = 3.0;
				TEST_TARGET_NAME = presteasymo;
			};
			name = Debug;
		};
		A3D780D91E924910009B24C5 /* Release */ = {
			isa = XCBuildConfiguration;
			buildSettings = {
				ALWAYS_EMBED_SWIFT_STANDARD_LIBRARIES = YES;
				INFOPLIST_FILE = presteasymoUITests/Info.plist;
				LD_RUNPATH_SEARCH_PATHS = "$(inherited) @executable_path/Frameworks @loader_path/Frameworks";
				PRODUCT_BUNDLE_IDENTIFIER = "team-presteasymo.presteasymoUITests";
				PRODUCT_NAME = "$(TARGET_NAME)";
				SWIFT_VERSION = 3.0;
				TEST_TARGET_NAME = presteasymo;
			};
			name = Release;
		};
/* End XCBuildConfiguration section */

/* Begin XCConfigurationList section */
		A3D780A11E924910009B24C5 /* Build configuration list for PBXProject "presteasymo" */ = {
			isa = XCConfigurationList;
			buildConfigurations = (
				A3D780CF1E924910009B24C5 /* Debug */,
				A3D780D01E924910009B24C5 /* Release */,
			);
			defaultConfigurationIsVisible = 0;
			defaultConfigurationName = Release;
		};
		A3D780D11E924910009B24C5 /* Build configuration list for PBXNativeTarget "presteasymo" */ = {
			isa = XCConfigurationList;
			buildConfigurations = (
				A3D780D21E924910009B24C5 /* Debug */,
				A3D780D31E924910009B24C5 /* Release */,
			);
			defaultConfigurationIsVisible = 0;
			defaultConfigurationName = Release;
		};
		A3D780D41E924910009B24C5 /* Build configuration list for PBXNativeTarget "presteasymoTests" */ = {
			isa = XCConfigurationList;
			buildConfigurations = (
				A3D780D51E924910009B24C5 /* Debug */,
				A3D780D61E924910009B24C5 /* Release */,
			);
			defaultConfigurationIsVisible = 0;
			defaultConfigurationName = Release;
		};
		A3D780D71E924910009B24C5 /* Build configuration list for PBXNativeTarget "presteasymoUITests" */ = {
			isa = XCConfigurationList;
			buildConfigurations = (
				A3D780D81E924910009B24C5 /* Debug */,
				A3D780D91E924910009B24C5 /* Release */,
			);
			defaultConfigurationIsVisible = 0;
			defaultConfigurationName = Release;
		};
/* End XCConfigurationList section */

/* Begin XCVersionGroup section */
		A3D780B01E924910009B24C5 /* presteasymo.xcdatamodeld */ = {
			isa = XCVersionGroup;
			children = (
				A3D780B11E924910009B24C5 /* presteasymo.xcdatamodel */,
			);
			currentVersion = A3D780B11E924910009B24C5 /* presteasymo.xcdatamodel */;
			path = presteasymo.xcdatamodeld;
			sourceTree = "<group>";
			versionGroupType = wrapper.xcdatamodel;
		};
/* End XCVersionGroup section */
	};
	rootObject = A3D7809E1E924910009B24C5 /* Project object */;
}
